github.com/larsks/gobot v0.3.1 h1:fdvs42BWT2m4rNikb4n2Ix3YsjD34j3cPxS06tSRV4I=
github.com/larsks/gobot v0.3.1/go.mod h1:X+KH2OZZ4QeQmYAq/Gj0G9rsVw3vlVUXx+pK2Hvw5pU=
github.com/spf13/pflag v1.0.10 h1:4EBh2KAYBwaONj6b2Ye1GiHfwjqyROoF4RwYO+vPwFk=
github.com/spf13/pflag v1.0.10/go.mod h1:McXfInJRrz4CZXVZOBLb0bTZqETkiAhM9Iw0y3An2Bg=
